{
  "name": "amp-sdk-tools",
  "lockfileVersion": 3,
  "requires": true,
  "packages": {
    "": {
      "name": "amp-sdk-tools",
      "dependencies": {
        "@ampcode/plugin": "latest",
        "@ampcode/sdk": "latest"
      }
    },
    "node_modules/@ampcode/cli": {
      "version": "0.0.1787559091-g4e7735",
      "resolved": "https://registry.npmjs.org/@ampcode/cli/-/cli-0.0.1787559091-g4e7735.tgz",
      "integrity": "sha512-b23VYlYRV0AXdFLk9282hOmiy2mrGt7q7ucWSJyt/ApN91N6udMinvSjGyB0BvG8k05jtr2np3qiW2nVaU2Q0Q==",
      "hasInstallScript": true,
      "license": "SEE LICENSE IN LICENSE.md",
      "bin": {
        "amp": "bin/amp.exe"
      },
      "optionalDependencies": {
        "@ampcode/cli-darwin-arm64": "0.0.1787559091-g4e7735",
        "@ampcode/cli-darwin-x64": "0.0.1787559091-g4e7735",
        "@ampcode/cli-linux-arm64": "0.0.1787559091-g4e7735",
        "@ampcode/cli-linux-x64": "0.0.1787559091-g4e7735",
        "@ampcode/cli-win32-x64": "0.0.1787559091-g4e7735"
      }
    },
    "node_modules/@ampcode/cli-darwin-arm64": {
      "version": "0.0.1787559091-g4e7735",
      "resolved": "https://registry.npmjs.org/@ampcode/cli-darwin-arm64/-/cli-darwin-arm64-0.0.1787559091-g4e7735.tgz",
      "integrity": "sha512-VQjqK9XyBZu7Y/OWzmf366cLrJ7e9CzXm8ikYY5Ei99+DbwzMIp6tXKVs+/XsZELSi6NxPHMptNuhQj0ul5NDw==",
      "cpu": [
        "arm64"
      ],
      "license": "SEE LICENSE IN LICENSE.md",
      "optional": true,
      "os": [
        "darwin"
      ]
    },
    "node_modules/@ampcode/cli-darwin-x64": {
      "version": "0.0.1787559091-g4e7735",
      "resolved": "https://registry.npmjs.org/@ampcode/cli-darwin-x64/-/cli-darwin-x64-0.0.1787559091-g4e7735.tgz",
      "integrity": "sha512-2STLBG7dNg89aRLc0asRjsplCCjjLtsFB39s7w+Yu/o0bBytLtcI3LAtnmoucgXqNWkga5hJhwN9IGwNhSp0+A==",
      "cpu": [
        "x64"
      ],
      "license": "SEE LICENSE IN LICENSE.md",
      "optional": true,
      "os": [
        "darwin"
      ]
    },
    "node_modules/@ampcode/cli-linux-arm64": {
      "version": "0.0.1787559091-g4e7735",
      "resolved": "https://registry.npmjs.org/@ampcode/cli-linux-arm64/-/cli-linux-arm64-0.0.1787559091-g4e7735.tgz",
      "integrity": "sha512-XUA6/8K3/dm2csWHyIwffih2xSMevpid0sz+jGIa7AkcmPOwL/szIyFccPln0X67m8MK6byFNX56pFdlxEarbQ==",
      "cpu": [
        "arm64"
      ],
      "license": "SEE LICENSE IN LICENSE.md",
      "optional": true,
      "os": [
        "linux"
      ]
    },
    "node_modules/@ampcode/cli-linux-x64": {
      "version": "0.0.1787559091-g4e7735",
      "resolved": "https://registry.npmjs.org/@ampcode/cli-linux-x64/-/cli-linux-x64-0.0.1787559091-g4e7735.tgz",
      "integrity": "sha512-UYnul4jtJ2aL6I+Su+ljhHgYIfYZslMW5LB3pmgKaFIeZmj7kB/VyNgfdBf1B5ChbbJDqLk15UptmBVd4vYo4g==",
      "cpu": [
        "x64"
      ],
      "license": "SEE LICENSE IN LICENSE.md",
      "optional": true,
      "os": [
        "linux"
      ]
    },
    "node_modules/@ampcode/cli-win32-x64": {
      "version": "0.0.1787559091-g4e7735",
      "resolved": "https://registry.npmjs.org/@ampcode/cli-win32-x64/-/cli-win32-x64-0.0.1787559091-g4e7735.tgz",
      "integrity": "sha512-nYfufMnshjmG6q/KiFg5eGjeZGvNU9lstuYcAYmqbzAL5Oex3kk8abScb3ch5G/XWHJ4eryPFdtXfVnu2wQNHQ==",
      "cpu": [
        "x64"
      ],
      "license": "SEE LICENSE IN LICENSE.md",
      "optional": true,
      "os": [
        "win32"
      ]
    },
    "node_modules/@ampcode/plugin": {
      "version": "0.0.0-20260824001012-gc0f1544",
      "resolved": "https://registry.npmjs.org/@ampcode/plugin/-/plugin-0.0.0-20260824001012-gc0f1544.tgz",
      "integrity": "sha512-I3FPJa+N3jBlx+qlO6uMUZ0XEdNTJJUOWv2makAT86Qi5Zi6r5Ff2qkpckni/nHfpf++84j2RsYeaey5kkFmEw=="
    },
    "node_modules/@ampcode/sdk": {
      "version": "0.1.0-20260823161614-g3631dc6",
      "resolved": "https://registry.npmjs.org/@ampcode/sdk/-/sdk-0.1.0-20260823161614-g3631dc6.tgz",
      "integrity": "sha512-miWxp589g98hUMEl5tgsKgnz/UZsGDXBJq+8VEaBYqpBujF4fTA5Y+fZ8gQqVb5H5yRK2u82UHIrRZKwklrf4A==",
      "license": "Amp Commercial License",
      "dependencies": {
        "@ampcode/cli": "latest",
        "zod": "^3.23.8"
      },
      "bin": {
        "amp-sdk": "bin/amp-sdk.js"
      },
      "engines": {
        "node": ">=18"
      }
    },
    "node_modules/zod": {
      "version": "3.25.76",
      "resolved": "https://registry.npmjs.org/zod/-/zod-3.25.76.tgz",
      "integrity": "sha512-gzUt/qt81nXsFGKIFcC3YnfEAx5NkunCfnDlvuBSSFS02bcXu4Lmea0AFIUwbLWxWPx3d9p8S5QoaujKcNQxcQ==",
      "license": "MIT",
      "funding": {
        "url": "https://github.com/sponsors/colinhacks"
      }
    }
  }
}
