{
  "name": "amp-sdk-tools",
  "lockfileVersion": 3,
  "requires": true,
  "packages": {
    "": {
      "name": "amp-sdk-tools",
      "dependencies": {
        "@ampcode/sdk": "latest"
      }
    },
    "node_modules/@ampcode/cli": {
      "version": "0.0.1783845703-gd84c78",
      "resolved": "https://registry.npmjs.org/@ampcode/cli/-/cli-0.0.1783845703-gd84c78.tgz",
      "integrity": "sha512-AOABTSGa/1cszXHZNylNIFhML56iGun7Bkzlyp/tt/xCBAEun22+H/5b7Cf1VFsPhSswSw0B5hmtW4bk4Ned/g==",
      "hasInstallScript": true,
      "license": "SEE LICENSE IN LICENSE.md",
      "bin": {
        "amp": "bin/amp.exe"
      },
      "optionalDependencies": {
        "@ampcode/cli-darwin-arm64": "0.0.1783845703-gd84c78",
        "@ampcode/cli-darwin-x64": "0.0.1783845703-gd84c78",
        "@ampcode/cli-linux-arm64": "0.0.1783845703-gd84c78",
        "@ampcode/cli-linux-x64": "0.0.1783845703-gd84c78",
        "@ampcode/cli-win32-x64": "0.0.1783845703-gd84c78"
      }
    },
    "node_modules/@ampcode/cli-darwin-arm64": {
      "version": "0.0.1783845703-gd84c78",
      "resolved": "https://registry.npmjs.org/@ampcode/cli-darwin-arm64/-/cli-darwin-arm64-0.0.1783845703-gd84c78.tgz",
      "integrity": "sha512-UenScOd5MnDyLjYZOlZHpYedfCG4YIIXXlN/6Y3xn8LJqNkiTjfcEl19OjwEeJkHNMsxCwLDYI+/XLRH3q8vhg==",
      "cpu": [
        "arm64"
      ],
      "license": "SEE LICENSE IN LICENSE.md",
      "optional": true,
      "os": [
        "darwin"
      ]
    },
    "node_modules/@ampcode/cli-darwin-x64": {
      "version": "0.0.1783845703-gd84c78",
      "resolved": "https://registry.npmjs.org/@ampcode/cli-darwin-x64/-/cli-darwin-x64-0.0.1783845703-gd84c78.tgz",
      "integrity": "sha512-kPjMRMkF+uLrNb4Ttdld6EcXO9mJxM0T/fTBGwxiae9JRhzJ2LV4ChvOuw+3rJm2kOI1Ze9keDAcPV8/PJathg==",
      "cpu": [
        "x64"
      ],
      "license": "SEE LICENSE IN LICENSE.md",
      "optional": true,
      "os": [
        "darwin"
      ]
    },
    "node_modules/@ampcode/cli-linux-arm64": {
      "version": "0.0.1783845703-gd84c78",
      "resolved": "https://registry.npmjs.org/@ampcode/cli-linux-arm64/-/cli-linux-arm64-0.0.1783845703-gd84c78.tgz",
      "integrity": "sha512-NEXFmbzRiV0jDmyThm6xG4FSmuahNBUlvY+ACOjVFK1AKceDE0lSIjF14GI4ftM12n4JhHrHIBlmmzuhX69i/w==",
      "cpu": [
        "arm64"
      ],
      "license": "SEE LICENSE IN LICENSE.md",
      "optional": true,
      "os": [
        "linux"
      ]
    },
    "node_modules/@ampcode/cli-linux-x64": {
      "version": "0.0.1783845703-gd84c78",
      "resolved": "https://registry.npmjs.org/@ampcode/cli-linux-x64/-/cli-linux-x64-0.0.1783845703-gd84c78.tgz",
      "integrity": "sha512-BN426pDc76v2swqsUhHkmPU85nBkMp1DFKP8ZcmrOaVtvjpFrfatUwlcPtWACM9oN0BnL+ELaADrSU4E+uMTSQ==",
      "cpu": [
        "x64"
      ],
      "license": "SEE LICENSE IN LICENSE.md",
      "optional": true,
      "os": [
        "linux"
      ]
    },
    "node_modules/@ampcode/cli-win32-x64": {
      "version": "0.0.1783845703-gd84c78",
      "resolved": "https://registry.npmjs.org/@ampcode/cli-win32-x64/-/cli-win32-x64-0.0.1783845703-gd84c78.tgz",
      "integrity": "sha512-jpzJ0+lfqfCAmVAVVfcRs2vkDuUpXVgJ8GAg4J0nJly2HMygRNQrycGzSaYIxTy81wXMUbB3KlTIwCAkURyr6Q==",
      "cpu": [
        "x64"
      ],
      "license": "SEE LICENSE IN LICENSE.md",
      "optional": true,
      "os": [
        "win32"
      ]
    },
    "node_modules/@ampcode/sdk": {
      "version": "0.1.0-20260605144103-g77da114",
      "resolved": "https://registry.npmjs.org/@ampcode/sdk/-/sdk-0.1.0-20260605144103-g77da114.tgz",
      "integrity": "sha512-EIo9xy/qQMSNWKKmID2sOGUCVEPtnE3mMKgtw5LInedCy3U99LVK83BB45rqWGaqaCnzu99GkPruoqgIE/kyvw==",
      "license": "Amp Commercial License",
      "dependencies": {
        "@ampcode/cli": "latest",
        "zod": "^3.23.8"
      },
      "bin": {
        "amp-sdk": "bin/amp-sdk.js"
      },
      "engines": {
        "node": ">=18"
      }
    },
    "node_modules/zod": {
      "version": "3.25.76",
      "resolved": "https://registry.npmjs.org/zod/-/zod-3.25.76.tgz",
      "integrity": "sha512-gzUt/qt81nXsFGKIFcC3YnfEAx5NkunCfnDlvuBSSFS02bcXu4Lmea0AFIUwbLWxWPx3d9p8S5QoaujKcNQxcQ==",
      "license": "MIT",
      "funding": {
        "url": "https://github.com/sponsors/colinhacks"
      }
    }
  }
}
