{
  "name": "amp-sdk-tools",
  "lockfileVersion": 3,
  "requires": true,
  "packages": {
    "": {
      "name": "amp-sdk-tools",
      "dependencies": {
        "@ampcode/sdk": "latest"
      }
    },
    "node_modules/@ampcode/cli": {
      "version": "0.0.1784132895-gde66cb",
      "resolved": "https://registry.npmjs.org/@ampcode/cli/-/cli-0.0.1784132895-gde66cb.tgz",
      "integrity": "sha512-OlVMHF4HTCNoqw5e1mEMdeVnP3z6ebkCmLs1LHoaSFG+zI8cq1ZZkS/PmWn/Cq2vC0lOLFYsGFKVxrzyVLh9dg==",
      "hasInstallScript": true,
      "license": "SEE LICENSE IN LICENSE.md",
      "bin": {
        "amp": "bin/amp.exe"
      },
      "optionalDependencies": {
        "@ampcode/cli-darwin-arm64": "0.0.1784132895-gde66cb",
        "@ampcode/cli-darwin-x64": "0.0.1784132895-gde66cb",
        "@ampcode/cli-linux-arm64": "0.0.1784132895-gde66cb",
        "@ampcode/cli-linux-x64": "0.0.1784132895-gde66cb",
        "@ampcode/cli-win32-x64": "0.0.1784132895-gde66cb"
      }
    },
    "node_modules/@ampcode/cli-darwin-arm64": {
      "version": "0.0.1784132895-gde66cb",
      "resolved": "https://registry.npmjs.org/@ampcode/cli-darwin-arm64/-/cli-darwin-arm64-0.0.1784132895-gde66cb.tgz",
      "integrity": "sha512-2fCxy/V4di6eqEBiazxdDDoVVibXerzBPzFGQgpAsyuI5TGeY522L3HxeRCWH4FMhmf+FeGtz3Moq3xrqPC+cA==",
      "cpu": [
        "arm64"
      ],
      "license": "SEE LICENSE IN LICENSE.md",
      "optional": true,
      "os": [
        "darwin"
      ]
    },
    "node_modules/@ampcode/cli-darwin-x64": {
      "version": "0.0.1784132895-gde66cb",
      "resolved": "https://registry.npmjs.org/@ampcode/cli-darwin-x64/-/cli-darwin-x64-0.0.1784132895-gde66cb.tgz",
      "integrity": "sha512-gHAndrfQHpGGEab0b4sYMLTLmcB4hlCrdiQztuRQ9UmrXZm37CfOrzlXHbqlOvwLdqrYc8XXy7ZHfxMkIW/ZeQ==",
      "cpu": [
        "x64"
      ],
      "license": "SEE LICENSE IN LICENSE.md",
      "optional": true,
      "os": [
        "darwin"
      ]
    },
    "node_modules/@ampcode/cli-linux-arm64": {
      "version": "0.0.1784132895-gde66cb",
      "resolved": "https://registry.npmjs.org/@ampcode/cli-linux-arm64/-/cli-linux-arm64-0.0.1784132895-gde66cb.tgz",
      "integrity": "sha512-6g4itpRvkA6QBk3k59ojy0PspLzlBYD0R0EQWiHGfDNxxWulHbyNurKquwMlnozZGtjkGoUaHuoqFrAARfpklw==",
      "cpu": [
        "arm64"
      ],
      "license": "SEE LICENSE IN LICENSE.md",
      "optional": true,
      "os": [
        "linux"
      ]
    },
    "node_modules/@ampcode/cli-linux-x64": {
      "version": "0.0.1784132895-gde66cb",
      "resolved": "https://registry.npmjs.org/@ampcode/cli-linux-x64/-/cli-linux-x64-0.0.1784132895-gde66cb.tgz",
      "integrity": "sha512-eqDrInAKPuvBUIBQ6iwoDRsivyXIcK/ijp1J/kzBpM+t1On1GaLt7f44gv0Pft+DaOS0msFoAQ83yB9kMep25Q==",
      "cpu": [
        "x64"
      ],
      "license": "SEE LICENSE IN LICENSE.md",
      "optional": true,
      "os": [
        "linux"
      ]
    },
    "node_modules/@ampcode/cli-win32-x64": {
      "version": "0.0.1784132895-gde66cb",
      "resolved": "https://registry.npmjs.org/@ampcode/cli-win32-x64/-/cli-win32-x64-0.0.1784132895-gde66cb.tgz",
      "integrity": "sha512-mpBi10HA0s+LIo1ZYNsHNqJhHl5aKtjxCClXhW52PGSwrJ4xTyzrligMoDOLsoob98coVxvOUAIj2zQZVX2v5g==",
      "cpu": [
        "x64"
      ],
      "license": "SEE LICENSE IN LICENSE.md",
      "optional": true,
      "os": [
        "win32"
      ]
    },
    "node_modules/@ampcode/sdk": {
      "version": "0.1.0-20260605144103-g77da114",
      "resolved": "https://registry.npmjs.org/@ampcode/sdk/-/sdk-0.1.0-20260605144103-g77da114.tgz",
      "integrity": "sha512-EIo9xy/qQMSNWKKmID2sOGUCVEPtnE3mMKgtw5LInedCy3U99LVK83BB45rqWGaqaCnzu99GkPruoqgIE/kyvw==",
      "license": "Amp Commercial License",
      "dependencies": {
        "@ampcode/cli": "latest",
        "zod": "^3.23.8"
      },
      "bin": {
        "amp-sdk": "bin/amp-sdk.js"
      },
      "engines": {
        "node": ">=18"
      }
    },
    "node_modules/zod": {
      "version": "3.25.76",
      "resolved": "https://registry.npmjs.org/zod/-/zod-3.25.76.tgz",
      "integrity": "sha512-gzUt/qt81nXsFGKIFcC3YnfEAx5NkunCfnDlvuBSSFS02bcXu4Lmea0AFIUwbLWxWPx3d9p8S5QoaujKcNQxcQ==",
      "license": "MIT",
      "funding": {
        "url": "https://github.com/sponsors/colinhacks"
      }
    }
  }
}
